
Microsoft Visual Studio Solution File, Format Version 12.00
Project("{2150E333-8FDC-42A3-9474-1A3956D46DE8}") = "Server", "Server", "{9C8841E7-A586-428E-B3F2-D91A30FF45A5}"
EndProject
Project("{FAE04EC0-301F-11D3-BF4B-00C04F79EFBC}") = "TicketsBasket.Models", "TicketsBasket.Models\TicketsBasket.Models.csproj", "{C1CFD749-D1F6-46BC-8FD2-9EC408560298}"
EndProject
Global
	GlobalSection(SolutionConfigurationPlatforms) = preSolution
		Debug|Any CPU = Debug|Any CPU
		Release|Any CPU = Release|Any CPU
	EndGlobalSection
	GlobalSection(NestedProjects) = preSolution
		{C1CFD749-D1F6-46BC-8FD2-9EC408560298} = {9C8841E7-A586-428E-B3F2-D91A30FF45A5}
	EndGlobalSection
	GlobalSection(ProjectConfigurationPlatforms) = postSolution
		{C1CFD749-D1F6-46BC-8FD2-9EC408560298}.Debug|Any CPU.ActiveCfg = Debug|Any CPU
		{C1CFD749-D1F6-46BC-8FD2-9EC408560298}.Debug|Any CPU.Build.0 = Debug|Any CPU
		{C1CFD749-D1F6-46BC-8FD2-9EC408560298}.Release|Any CPU.ActiveCfg = Release|Any CPU
		{C1CFD749-D1F6-46BC-8FD2-9EC408560298}.Release|Any CPU.Build.0 = Release|Any CPU
	EndGlobalSection
EndGlobal
